
Microsoft Visual Studio Solution File, Format Version 12.00
# Visual Studio Version 17
VisualStudioVersion = 17.14.36414.22 d17.14
MinimumVisualStudioVersion = 10.0.40219.1
Project("{FAE04EC0-301F-11D3-BF4B-00C04F79EFBC}") = "6TTI_Limet_Maxence_Ex7", "6TTI_Limet_Maxence_Ex7.csproj", "{2A8A6FA8-4465-47AE-B6FC-F90F9D61F593}"
EndProject
Global
	GlobalSection(SolutionConfigurationPlatforms) = preSolution
		Debug|Any CPU = Debug|Any CPU
		Release|Any CPU = Release|Any CPU
	EndGlobalSection
	GlobalSection(ProjectConfigurationPlatforms) = postSolution
		{2A8A6FA8-4465-47AE-B6FC-F90F9D61F593}.Debug|Any CPU.ActiveCfg = Debug|Any CPU
		{2A8A6FA8-4465-47AE-B6FC-F90F9D61F593}.Debug|Any CPU.Build.0 = Debug|Any CPU
		{2A8A6FA8-4465-47AE-B6FC-F90F9D61F593}.Release|Any CPU.ActiveCfg = Release|Any CPU
		{2A8A6FA8-4465-47AE-B6FC-F90F9D61F593}.Release|Any CPU.Build.0 = Release|Any CPU
	EndGlobalSection
	GlobalSection(SolutionProperties) = preSolution
		HideSolutionNode = FALSE
	EndGlobalSection
	GlobalSection(ExtensibilityGlobals) = postSolution
		SolutionGuid = {490953F8-1771-4A05-83B2-A23C46FE885E}
	EndGlobalSection
EndGlobal
