
Microsoft Visual Studio Solution File, Format Version 12.00
# Visual Studio Version 17
VisualStudioVersion = 17.14.36202.13 d17.14
MinimumVisualStudioVersion = 10.0.40219.1
Project("{FAE04EC0-301F-11D3-BF4B-00C04F79EFBC}") = "6TTI_Limet_Maxence_Ex2", "6TTI_Limet_Maxence_Ex2.csproj", "{685D344C-7304-47BC-BAC5-CCB9C9397613}"
EndProject
Global
	GlobalSection(SolutionConfigurationPlatforms) = preSolution
		Debug|Any CPU = Debug|Any CPU
		Release|Any CPU = Release|Any CPU
	EndGlobalSection
	GlobalSection(ProjectConfigurationPlatforms) = postSolution
		{685D344C-7304-47BC-BAC5-CCB9C9397613}.Debug|Any CPU.ActiveCfg = Debug|Any CPU
		{685D344C-7304-47BC-BAC5-CCB9C9397613}.Debug|Any CPU.Build.0 = Debug|Any CPU
		{685D344C-7304-47BC-BAC5-CCB9C9397613}.Release|Any CPU.ActiveCfg = Release|Any CPU
		{685D344C-7304-47BC-BAC5-CCB9C9397613}.Release|Any CPU.Build.0 = Release|Any CPU
	EndGlobalSection
	GlobalSection(SolutionProperties) = preSolution
		HideSolutionNode = FALSE
	EndGlobalSection
	GlobalSection(ExtensibilityGlobals) = postSolution
		SolutionGuid = {58699A1C-9F40-4FFA-9BD8-36C19ED2CC76}
	EndGlobalSection
EndGlobal
