
Microsoft Visual Studio Solution File, Format Version 12.00
# Visual Studio Version 17
VisualStudioVersion = 17.14.36414.22 d17.14
MinimumVisualStudioVersion = 10.0.40219.1
Project("{FAE04EC0-301F-11D3-BF4B-00C04F79EFBC}") = "6TTI_Limet_Maxence_Ex5", "6TTI_Limet_Maxence_Ex5.csproj", "{59FF0AE2-BC3E-434B-B90E-A14178414D08}"
EndProject
Global
	GlobalSection(SolutionConfigurationPlatforms) = preSolution
		Debug|Any CPU = Debug|Any CPU
		Release|Any CPU = Release|Any CPU
	EndGlobalSection
	GlobalSection(ProjectConfigurationPlatforms) = postSolution
		{59FF0AE2-BC3E-434B-B90E-A14178414D08}.Debug|Any CPU.ActiveCfg = Debug|Any CPU
		{59FF0AE2-BC3E-434B-B90E-A14178414D08}.Debug|Any CPU.Build.0 = Debug|Any CPU
		{59FF0AE2-BC3E-434B-B90E-A14178414D08}.Release|Any CPU.ActiveCfg = Release|Any CPU
		{59FF0AE2-BC3E-434B-B90E-A14178414D08}.Release|Any CPU.Build.0 = Release|Any CPU
	EndGlobalSection
	GlobalSection(SolutionProperties) = preSolution
		HideSolutionNode = FALSE
	EndGlobalSection
	GlobalSection(ExtensibilityGlobals) = postSolution
		SolutionGuid = {27431E19-DB67-4356-BDA6-939E0E852AE9}
	EndGlobalSection
EndGlobal
