
Microsoft Visual Studio Solution File, Format Version 12.00
# Visual Studio Version 17
VisualStudioVersion = 17.14.36202.13 d17.14
MinimumVisualStudioVersion = 10.0.40219.1
Project("{FAE04EC0-301F-11D3-BF4B-00C04F79EFBC}") = "6TTI_Limet_Maxence_Event1", "6TTI_Limet_Maxence_Event1.csproj", "{24E41503-465A-4825-B8EE-7281299A385D}"
EndProject
Global
	GlobalSection(SolutionConfigurationPlatforms) = preSolution
		Debug|Any CPU = Debug|Any CPU
		Release|Any CPU = Release|Any CPU
	EndGlobalSection
	GlobalSection(ProjectConfigurationPlatforms) = postSolution
		{24E41503-465A-4825-B8EE-7281299A385D}.Debug|Any CPU.ActiveCfg = Debug|Any CPU
		{24E41503-465A-4825-B8EE-7281299A385D}.Debug|Any CPU.Build.0 = Debug|Any CPU
		{24E41503-465A-4825-B8EE-7281299A385D}.Release|Any CPU.ActiveCfg = Release|Any CPU
		{24E41503-465A-4825-B8EE-7281299A385D}.Release|Any CPU.Build.0 = Release|Any CPU
	EndGlobalSection
	GlobalSection(SolutionProperties) = preSolution
		HideSolutionNode = FALSE
	EndGlobalSection
	GlobalSection(ExtensibilityGlobals) = postSolution
		SolutionGuid = {C42E0DAB-0CB2-421C-9849-5588B47092F2}
	EndGlobalSection
EndGlobal
