
Microsoft Visual Studio Solution File, Format Version 12.00
# Visual Studio Version 17
VisualStudioVersion = 17.14.36202.13 d17.14
MinimumVisualStudioVersion = 10.0.40219.1
Project("{FAE04EC0-301F-11D3-BF4B-00C04F79EFBC}") = "Limet_Maxence_WPF_Dynamique", "Limet_Maxence_WPF_Dynamique.csproj", "{F5C242D0-6A44-445C-9110-AC38BE203EA1}"
EndProject
Global
	GlobalSection(SolutionConfigurationPlatforms) = preSolution
		Debug|Any CPU = Debug|Any CPU
		Release|Any CPU = Release|Any CPU
	EndGlobalSection
	GlobalSection(ProjectConfigurationPlatforms) = postSolution
		{F5C242D0-6A44-445C-9110-AC38BE203EA1}.Debug|Any CPU.ActiveCfg = Debug|Any CPU
		{F5C242D0-6A44-445C-9110-AC38BE203EA1}.Debug|Any CPU.Build.0 = Debug|Any CPU
		{F5C242D0-6A44-445C-9110-AC38BE203EA1}.Release|Any CPU.ActiveCfg = Release|Any CPU
		{F5C242D0-6A44-445C-9110-AC38BE203EA1}.Release|Any CPU.Build.0 = Release|Any CPU
	EndGlobalSection
	GlobalSection(SolutionProperties) = preSolution
		HideSolutionNode = FALSE
	EndGlobalSection
	GlobalSection(ExtensibilityGlobals) = postSolution
		SolutionGuid = {AE75FD5E-6D15-429F-A275-A9E612D9CFE6}
	EndGlobalSection
EndGlobal
